// !$*UTF8*$!
{
	archiveVersion = 1;
	classes = {
	};
	objectVersion = 56;
	objects = {

/* Begin PBXBuildFile section */
		FE5D2BD82BF22E1400EF790A /* FlowerDetailView.swift in Sources */ = {isa = PBXBuildFile; fileRef = FE5D2BD72BF22E1400EF790A /* FlowerDetailView.swift */; };
		FE5D2BDB2BF337BC00EF790A /* FlowersAPIClient.swift in Sources */ = {isa = PBXBuildFile; fileRef = FE5D2BDA2BF337BC00EF790A /* FlowersAPIClient.swift */; };
		FEC55E272BF340DD00AD2B44 /* Flower.swift in Sources */ = {isa = PBXBuildFile; fileRef = FEC55E262BF340DD00AD2B44 /* Flower.swift */; };
		FEC55E2D2BF34A6A00AD2B44 /* FlowersStore.swift in Sources */ = {isa = PBXBuildFile; fileRef = FEC55E2C2BF34A6A00AD2B44 /* FlowersStore.swift */; };
		FEC55E302BF4AB5600AD2B44 /* APIClientError.swift in Sources */ = {isa = PBXBuildFile; fileRef = FEC55E2F2BF4AB5600AD2B44 /* APIClientError.swift */; };
		FEC55E332BF4B64B00AD2B44 /* Stateful.swift in Sources */ = {isa = PBXBuildFile; fileRef = FEC55E322BF4B64B00AD2B44 /* Stateful.swift */; };
		FEE895922BF1C646009A3267 /* Seasonal_FlowersApp.swift in Sources */ = {isa = PBXBuildFile; fileRef = FEE895912BF1C646009A3267 /* Seasonal_FlowersApp.swift */; };
		FEE895942BF1C646009A3267 /* ContentView.swift in Sources */ = {isa = PBXBuildFile; fileRef = FEE895932BF1C646009A3267 /* ContentView.swift */; };
		FEE895962BF1C648009A3267 /* Assets.xcassets in Resources */ = {isa = PBXBuildFile; fileRef = FEE895952BF1C648009A3267 /* Assets.xcassets */; };
		FEE895992BF1C648009A3267 /* Preview Assets.xcassets in Resources */ = {isa = PBXBuildFile; fileRef = FEE895982BF1C648009A3267 /* Preview Assets.xcassets */; };
		FEE895A32BF1C649009A3267 /* Seasonal_FlowersTests.swift in Sources */ = {isa = PBXBuildFile; fileRef = FEE895A22BF1C649009A3267 /* Seasonal_FlowersTests.swift */; };
		FEE895AD2BF1C649009A3267 /* Seasonal_FlowersUITests.swift in Sources */ = {isa = PBXBuildFile; fileRef = FEE895AC2BF1C649009A3267 /* Seasonal_FlowersUITests.swift */; };
		FEE895AF2BF1C649009A3267 /* Seasonal_FlowersUITestsLaunchTests.swift in Sources */ = {isa = PBXBuildFile; fileRef = FEE895AE2BF1C649009A3267 /* Seasonal_FlowersUITestsLaunchTests.swift */; };
		FEE895BE2BF1C82B009A3267 /* CategoryItem.swift in Sources */ = {isa = PBXBuildFile; fileRef = FEE895BD2BF1C82B009A3267 /* CategoryItem.swift */; };
		FEE895C02BF1C837009A3267 /* CategoryRow.swift in Sources */ = {isa = PBXBuildFile; fileRef = FEE895BF2BF1C837009A3267 /* CategoryRow.swift */; };
		FEE895C22BF1C840009A3267 /* CategoryHome.swift in Sources */ = {isa = PBXBuildFile; fileRef = FEE895C12BF1C840009A3267 /* CategoryHome.swift */; };
		FEE895CC2BF1CF33009A3267 /* flowers+mock.swift in Sources */ = {isa = PBXBuildFile; fileRef = FEE895CB2BF1CF33009A3267 /* flowers+mock.swift */; };
/* End PBXBuildFile section */

/* Begin PBXContainerItemProxy section */
		FEE8959F2BF1C649009A3267 /* PBXContainerItemProxy */ = {
			isa = PBXContainerItemProxy;
			containerPortal = FEE895862BF1C645009A3267 /* Project object */;
			proxyType = 1;
			remoteGlobalIDString = FEE8958D2BF1C646009A3267;
			remoteInfo = "Seasonal-Flowers";
		};
		FEE895A92BF1C649009A3267 /* PBXContainerItemProxy */ = {
			isa = PBXContainerItemProxy;
			containerPortal = FEE895862BF1C645009A3267 /* Project object */;
			proxyType = 1;
			remoteGlobalIDString = FEE8958D2BF1C646009A3267;
			remoteInfo = "Seasonal-Flowers";
		};
/* End PBXContainerItemProxy section */

/* Begin PBXFileReference section */
		FE5D2BD72BF22E1400EF790A /* FlowerDetailView.swift */ = {isa = PBXFileReference; lastKnownFileType = sourcecode.swift; path = FlowerDetailView.swift; sourceTree = "<group>"; };
		FE5D2BDA2BF337BC00EF790A /* FlowersAPIClient.swift */ = {isa = PBXFileReference; lastKnownFileType = sourcecode.swift; path = FlowersAPIClient.swift; sourceTree = "<group>"; };
		FE5D2BDC2BF33B4400EF790A /* flowerData.json */ = {isa = PBXFileReference; lastKnownFileType = text.json; path = flowerData.json; sourceTree = "<group>"; };
		FEC55E262BF340DD00AD2B44 /* Flower.swift */ = {isa = PBXFileReference; fileEncoding = 4; lastKnownFileType = sourcecode.swift; name = Flower.swift; path = "Seasonal-Flowers/Models/Flower.swift"; sourceTree = SOURCE_ROOT; };
		FEC55E2C2BF34A6A00AD2B44 /* FlowersStore.swift */ = {isa = PBXFileReference; lastKnownFileType = sourcecode.swift; path = FlowersStore.swift; sourceTree = "<group>"; };
		FEC55E2F2BF4AB5600AD2B44 /* APIClientError.swift */ = {isa = PBXFileReference; lastKnownFileType = sourcecode.swift; path = APIClientError.swift; sourceTree = "<group>"; };
		FEC55E322BF4B64B00AD2B44 /* Stateful.swift */ = {isa = PBXFileReference; lastKnownFileType = sourcecode.swift; path = Stateful.swift; sourceTree = "<group>"; };
		FEE8958E2BF1C646009A3267 /* Seasonal-Flowers.app */ = {isa = PBXFileReference; explicitFileType = wrapper.application; includeInIndex = 0; path = "Seasonal-Flowers.app"; sourceTree = BUILT_PRODUCTS_DIR; };
		FEE895912BF1C646009A3267 /* Seasonal_FlowersApp.swift */ = {isa = PBXFileReference; lastKnownFileType = sourcecode.swift; path = Seasonal_FlowersApp.swift; sourceTree = "<group>"; };
		FEE895932BF1C646009A3267 /* ContentView.swift */ = {isa = PBXFileReference; lastKnownFileType = sourcecode.swift; path = ContentView.swift; sourceTree = "<group>"; };
		FEE895952BF1C648009A3267 /* Assets.xcassets */ = {isa = PBXFileReference; lastKnownFileType = folder.assetcatalog; path = Assets.xcassets; sourceTree = "<group>"; };
		FEE895982BF1C648009A3267 /* Preview Assets.xcassets */ = {isa = PBXFileReference; lastKnownFileType = folder.assetcatalog; path = "Preview Assets.xcassets"; sourceTree = "<group>"; };
		FEE8959E2BF1C649009A3267 /* Seasonal-FlowersTests.xctest */ = {isa = PBXFileReference; explicitFileType = wrapper.cfbundle; includeInIndex = 0; path = "Seasonal-FlowersTests.xctest"; sourceTree = BUILT_PRODUCTS_DIR; };
		FEE895A22BF1C649009A3267 /* Seasonal_FlowersTests.swift */ = {isa = PBXFileReference; lastKnownFileType = sourcecode.swift; path = Seasonal_FlowersTests.swift; sourceTree = "<group>"; };
		FEE895A82BF1C649009A3267 /* Seasonal-FlowersUITests.xctest */ = {isa = PBXFileReference; explicitFileType = wrapper.cfbundle; includeInIndex = 0; path = "Seasonal-FlowersUITests.xctest"; sourceTree = BUILT_PRODUCTS_DIR; };
		FEE895AC2BF1C649009A3267 /* Seasonal_FlowersUITests.swift */ = {isa = PBXFileReference; lastKnownFileType = sourcecode.swift; path = Seasonal_FlowersUITests.swift; sourceTree = "<group>"; };
		FEE895AE2BF1C649009A3267 /* Seasonal_FlowersUITestsLaunchTests.swift */ = {isa = PBXFileReference; lastKnownFileType = sourcecode.swift; path = Seasonal_FlowersUITestsLaunchTests.swift; sourceTree = "<group>"; };
		FEE895BD2BF1C82B009A3267 /* CategoryItem.swift */ = {isa = PBXFileReference; lastKnownFileType = sourcecode.swift; path = CategoryItem.swift; sourceTree = "<group>"; };
		FEE895BF2BF1C837009A3267 /* CategoryRow.swift */ = {isa = PBXFileReference; lastKnownFileType = sourcecode.swift; path = CategoryRow.swift; sourceTree = "<group>"; };
		FEE895C12BF1C840009A3267 /* CategoryHome.swift */ = {isa = PBXFileReference; lastKnownFileType = sourcecode.swift; path = CategoryHome.swift; sourceTree = "<group>"; };
		FEE895CB2BF1CF33009A3267 /* flowers+mock.swift */ = {isa = PBXFileReference; lastKnownFileType = sourcecode.swift; path = "flowers+mock.swift"; sourceTree = "<group>"; };
/* End PBXFileReference section */

/* Begin PBXFrameworksBuildPhase section */
		FEE8958B2BF1C646009A3267 /* Frameworks */ = {
			isa = PBXFrameworksBuildPhase;
			buildActionMask = 2147483647;
			files = (
			);
			runOnlyForDeploymentPostprocessing = 0;
		};
		FEE8959B2BF1C649009A3267 /* Frameworks */ = {
			isa = PBXFrameworksBuildPhase;
			buildActionMask = 2147483647;
			files = (
			);
			runOnlyForDeploymentPostprocessing = 0;
		};
		FEE895A52BF1C649009A3267 /* Frameworks */ = {
			isa = PBXFrameworksBuildPhase;
			buildActionMask = 2147483647;
			files = (
			);
			runOnlyForDeploymentPostprocessing = 0;
		};
/* End PBXFrameworksBuildPhase section */

/* Begin PBXGroup section */
		FE5D2BD92BF336D000EF790A /* APIClients */ = {
			isa = PBXGroup;
			children = (
				FE5D2BDA2BF337BC00EF790A /* FlowersAPIClient.swift */,
			);
			path = APIClients;
			sourceTree = "<group>";
		};
		FEC55E2B2BF34A3500AD2B44 /* Stores */ = {
			isa = PBXGroup;
			children = (
				FEC55E2C2BF34A6A00AD2B44 /* FlowersStore.swift */,
			);
			path = Stores;
			sourceTree = "<group>";
		};
		FEC55E2E2BF4AB4000AD2B44 /* Errors */ = {
			isa = PBXGroup;
			children = (
				FEC55E2F2BF4AB5600AD2B44 /* APIClientError.swift */,
			);
			path = Errors;
			sourceTree = "<group>";
		};
		FEC55E312BF4B63A00AD2B44 /* Status */ = {
			isa = PBXGroup;
			children = (
				FEC55E322BF4B64B00AD2B44 /* Stateful.swift */,
			);
			path = Status;
			sourceTree = "<group>";
		};
		FEE895852BF1C645009A3267 = {
			isa = PBXGroup;
			children = (
				FEE895902BF1C646009A3267 /* Seasonal-Flowers */,
				FEE895A12BF1C649009A3267 /* Seasonal-FlowersTests */,
				FEE895AB2BF1C649009A3267 /* Seasonal-FlowersUITests */,
				FEE8958F2BF1C646009A3267 /* Products */,
			);
			sourceTree = "<group>";
		};
		FEE8958F2BF1C646009A3267 /* Products */ = {
			isa = PBXGroup;
			children = (
				FEE8958E2BF1C646009A3267 /* Seasonal-Flowers.app */,
				FEE8959E2BF1C649009A3267 /* Seasonal-FlowersTests.xctest */,
				FEE895A82BF1C649009A3267 /* Seasonal-FlowersUITests.xctest */,
			);
			name = Products;
			sourceTree = "<group>";
		};
		FEE895902BF1C646009A3267 /* Seasonal-Flowers */ = {
			isa = PBXGroup;
			children = (
				FEE895952BF1C648009A3267 /* Assets.xcassets */,
				FEE895912BF1C646009A3267 /* Seasonal_FlowersApp.swift */,
				FEC55E312BF4B63A00AD2B44 /* Status */,
				FE5D2BD92BF336D000EF790A /* APIClients */,
				FEC55E2E2BF4AB4000AD2B44 /* Errors */,
				FEC55E2B2BF34A3500AD2B44 /* Stores */,
				FEE895BB2BF1C7C7009A3267 /* Views */,
				FEE895C32BF1C894009A3267 /* Models */,
				FEE895C42BF1C92C009A3267 /* Resources */,
				FEE895972BF1C648009A3267 /* Preview Content */,
			);
			path = "Seasonal-Flowers";
			sourceTree = "<group>";
		};
		FEE895972BF1C648009A3267 /* Preview Content */ = {
			isa = PBXGroup;
			children = (
				FEE895982BF1C648009A3267 /* Preview Assets.xcassets */,
				FEE895CD2BF1CF3A009A3267 /* Mocks */,
			);
			path = "Preview Content";
			sourceTree = "<group>";
		};
		FEE895A12BF1C649009A3267 /* Seasonal-FlowersTests */ = {
			isa = PBXGroup;
			children = (
				FEE895A22BF1C649009A3267 /* Seasonal_FlowersTests.swift */,
			);
			path = "Seasonal-FlowersTests";
			sourceTree = "<group>";
		};
		FEE895AB2BF1C649009A3267 /* Seasonal-FlowersUITests */ = {
			isa = PBXGroup;
			children = (
				FEE895AC2BF1C649009A3267 /* Seasonal_FlowersUITests.swift */,
				FEE895AE2BF1C649009A3267 /* Seasonal_FlowersUITestsLaunchTests.swift */,
			);
			path = "Seasonal-FlowersUITests";
			sourceTree = "<group>";
		};
		FEE895BB2BF1C7C7009A3267 /* Views */ = {
			isa = PBXGroup;
			children = (
				FEE895932BF1C646009A3267 /* ContentView.swift */,
				FEE895BC2BF1C7DF009A3267 /* Categories */,
				FE5D2BD72BF22E1400EF790A /* FlowerDetailView.swift */,
			);
			path = Views;
			sourceTree = "<group>";
		};
		FEE895BC2BF1C7DF009A3267 /* Categories */ = {
			isa = PBXGroup;
			children = (
				FEE895C12BF1C840009A3267 /* CategoryHome.swift */,
				FEE895BF2BF1C837009A3267 /* CategoryRow.swift */,
				FEE895BD2BF1C82B009A3267 /* CategoryItem.swift */,
			);
			path = Categories;
			sourceTree = "<group>";
		};
		FEE895C32BF1C894009A3267 /* Models */ = {
			isa = PBXGroup;
			children = (
				FEC55E262BF340DD00AD2B44 /* Flower.swift */,
			);
			path = Models;
			sourceTree = "<group>";
		};
		FEE895C42BF1C92C009A3267 /* Resources */ = {
			isa = PBXGroup;
			children = (
				FE5D2BDC2BF33B4400EF790A /* flowerData.json */,
			);
			path = Resources;
			sourceTree = "<group>";
		};
		FEE895CD2BF1CF3A009A3267 /* Mocks */ = {
			isa = PBXGroup;
			children = (
				FEE895CB2BF1CF33009A3267 /* flowers+mock.swift */,
			);
			path = Mocks;
			sourceTree = "<group>";
		};
/* End PBXGroup section */

/* Begin PBXNativeTarget section */
		FEE8958D2BF1C646009A3267 /* Seasonal-Flowers */ = {
			isa = PBXNativeTarget;
			buildConfigurationList = FEE895B22BF1C649009A3267 /* Build configuration list for PBXNativeTarget "Seasonal-Flowers" */;
			buildPhases = (
				FEE8958A2BF1C646009A3267 /* Sources */,
				FEE8958B2BF1C646009A3267 /* Frameworks */,
				FEE8958C2BF1C646009A3267 /* Resources */,
			);
			buildRules = (
			);
			dependencies = (
			);
			name = "Seasonal-Flowers";
			productName = "Seasonal-Flowers";
			productReference = FEE8958E2BF1C646009A3267 /* Seasonal-Flowers.app */;
			productType = "com.apple.product-type.application";
		};
		FEE8959D2BF1C649009A3267 /* Seasonal-FlowersTests */ = {
			isa = PBXNativeTarget;
			buildConfigurationList = FEE895B52BF1C649009A3267 /* Build configuration list for PBXNativeTarget "Seasonal-FlowersTests" */;
			buildPhases = (
				FEE8959A2BF1C649009A3267 /* Sources */,
				FEE8959B2BF1C649009A3267 /* Frameworks */,
				FEE8959C2BF1C649009A3267 /* Resources */,
			);
			buildRules = (
			);
			dependencies = (
				FEE895A02BF1C649009A3267 /* PBXTargetDependency */,
			);
			name = "Seasonal-FlowersTests";
			productName = "Seasonal-FlowersTests";
			productReference = FEE8959E2BF1C649009A3267 /* Seasonal-FlowersTests.xctest */;
			productType = "com.apple.product-type.bundle.unit-test";
		};
		FEE895A72BF1C649009A3267 /* Seasonal-FlowersUITests */ = {
			isa = PBXNativeTarget;
			buildConfigurationList = FEE895B82BF1C649009A3267 /* Build configuration list for PBXNativeTarget "Seasonal-FlowersUITests" */;
			buildPhases = (
				FEE895A42BF1C649009A3267 /* Sources */,
				FEE895A52BF1C649009A3267 /* Frameworks */,
				FEE895A62BF1C649009A3267 /* Resources */,
			);
			buildRules = (
			);
			dependencies = (
				FEE895AA2BF1C649009A3267 /* PBXTargetDependency */,
			);
			name = "Seasonal-FlowersUITests";
			productName = "Seasonal-FlowersUITests";
			productReference = FEE895A82BF1C649009A3267 /* Seasonal-FlowersUITests.xctest */;
			productType = "com.apple.product-type.bundle.ui-testing";
		};
/* End PBXNativeTarget section */

/* Begin PBXProject section */
		FEE895862BF1C645009A3267 /* Project object */ = {
			isa = PBXProject;
			attributes = {
				BuildIndependentTargetsInParallel = 1;
				LastSwiftUpdateCheck = 1520;
				LastUpgradeCheck = 1520;
				TargetAttributes = {
					FEE8958D2BF1C646009A3267 = {
						CreatedOnToolsVersion = 15.2;
					};
					FEE8959D2BF1C649009A3267 = {
						CreatedOnToolsVersion = 15.2;
						TestTargetID = FEE8958D2BF1C646009A3267;
					};
					FEE895A72BF1C649009A3267 = {
						CreatedOnToolsVersion = 15.2;
						TestTargetID = FEE8958D2BF1C646009A3267;
					};
				};
			};
			buildConfigurationList = FEE895892BF1C646009A3267 /* Build configuration list for PBXProject "Seasonal-Flowers" */;
			compatibilityVersion = "Xcode 14.0";
			developmentRegion = en;
			hasScannedForEncodings = 0;
			knownRegions = (
				en,
				Base,
			);
			mainGroup = FEE895852BF1C645009A3267;
			productRefGroup = FEE8958F2BF1C646009A3267 /* Products */;
			projectDirPath = "";
			projectRoot = "";
			targets = (
				FEE8958D2BF1C646009A3267 /* Seasonal-Flowers */,
				FEE8959D2BF1C649009A3267 /* Seasonal-FlowersTests */,
				FEE895A72BF1C649009A3267 /* Seasonal-FlowersUITests */,
			);
		};
/* End PBXProject section */

/* Begin PBXResourcesBuildPhase section */
		FEE8958C2BF1C646009A3267 /* Resources */ = {
			isa = PBXResourcesBuildPhase;
			buildActionMask = 2147483647;
			files = (
				FEE895992BF1C648009A3267 /* Preview Assets.xcassets in Resources */,
				FEE895962BF1C648009A3267 /* Assets.xcassets in Resources */,
			);
			runOnlyForDeploymentPostprocessing = 0;
		};
		FEE8959C2BF1C649009A3267 /* Resources */ = {
			isa = PBXResourcesBuildPhase;
			buildActionMask = 2147483647;
			files = (
			);
			runOnlyForDeploymentPostprocessing = 0;
		};
		FEE895A62BF1C649009A3267 /* Resources */ = {
			isa = PBXResourcesBuildPhase;
			buildActionMask = 2147483647;
			files = (
			);
			runOnlyForDeploymentPostprocessing = 0;
		};
/* End PBXResourcesBuildPhase section */

/* Begin PBXSourcesBuildPhase section */
		FEE8958A2BF1C646009A3267 /* Sources */ = {
			isa = PBXSourcesBuildPhase;
			buildActionMask = 2147483647;
			files = (
				FEE895942BF1C646009A3267 /* ContentView.swift in Sources */,
				FEC55E332BF4B64B00AD2B44 /* Stateful.swift in Sources */,
				FE5D2BDB2BF337BC00EF790A /* FlowersAPIClient.swift in Sources */,
				FEC55E272BF340DD00AD2B44 /* Flower.swift in Sources */,
				FEE895BE2BF1C82B009A3267 /* CategoryItem.swift in Sources */,
				FEC55E2D2BF34A6A00AD2B44 /* FlowersStore.swift in Sources */,
				FEE895CC2BF1CF33009A3267 /* flowers+mock.swift in Sources */,
				FEE895C02BF1C837009A3267 /* CategoryRow.swift in Sources */,
				FEE895922BF1C646009A3267 /* Seasonal_FlowersApp.swift in Sources */,
				FE5D2BD82BF22E1400EF790A /* FlowerDetailView.swift in Sources */,
				FEC55E302BF4AB5600AD2B44 /* APIClientError.swift in Sources */,
				FEE895C22BF1C840009A3267 /* CategoryHome.swift in Sources */,
			);
			runOnlyForDeploymentPostprocessing = 0;
		};
		FEE8959A2BF1C649009A3267 /* Sources */ = {
			isa = PBXSourcesBuildPhase;
			buildActionMask = 2147483647;
			files = (
				FEE895A32BF1C649009A3267 /* Seasonal_FlowersTests.swift in Sources */,
			);
			runOnlyForDeploymentPostprocessing = 0;
		};
		FEE895A42BF1C649009A3267 /* Sources */ = {
			isa = PBXSourcesBuildPhase;
			buildActionMask = 2147483647;
			files = (
				FEE895AD2BF1C649009A3267 /* Seasonal_FlowersUITests.swift in Sources */,
				FEE895AF2BF1C649009A3267 /* Seasonal_FlowersUITestsLaunchTests.swift in Sources */,
			);
			runOnlyForDeploymentPostprocessing = 0;
		};
/* End PBXSourcesBuildPhase section */

/* Begin PBXTargetDependency section */
		FEE895A02BF1C649009A3267 /* PBXTargetDependency */ = {
			isa = PBXTargetDependency;
			target = FEE8958D2BF1C646009A3267 /* Seasonal-Flowers */;
			targetProxy = FEE8959F2BF1C649009A3267 /* PBXContainerItemProxy */;
		};
		FEE895AA2BF1C649009A3267 /* PBXTargetDependency */ = {
			isa = PBXTargetDependency;
			target = FEE8958D2BF1C646009A3267 /* Seasonal-Flowers */;
			targetProxy = FEE895A92BF1C649009A3267 /* PBXContainerItemProxy */;
		};
/* End PBXTargetDependency section */

/* Begin XCBuildConfiguration section */
		FEE895B02BF1C649009A3267 /* Debug */ = {
			isa = XCBuildConfiguration;
			buildSettings = {
				ALWAYS_SEARCH_USER_PATHS = NO;
				ASSETCATALOG_COMPILER_GENERATE_SWIFT_ASSET_SYMBOL_EXTENSIONS = YES;
				CLANG_ANALYZER_NONNULL = YES;
				CLANG_ANALYZER_NUMBER_OBJECT_CONVERSION = YES_AGGRESSIVE;
				CLANG_CXX_LANGUAGE_STANDARD = "gnu++20";
				CLANG_ENABLE_MODULES = YES;
				CLANG_ENABLE_OBJC_ARC = YES;
				CLANG_ENABLE_OBJC_WEAK = YES;
				CLANG_WARN_BLOCK_CAPTURE_AUTORELEASING = YES;
				CLANG_WARN_BOOL_CONVERSION = YES;
				CLANG_WARN_COMMA = YES;
				CLANG_WARN_CONSTANT_CONVERSION = YES;
				CLANG_WARN_DEPRECATED_OBJC_IMPLEMENTATIONS = YES;
				CLANG_WARN_DIRECT_OBJC_ISA_USAGE = YES_ERROR;
				CLANG_WARN_DOCUMENTATION_COMMENTS = YES;
				CLANG_WARN_EMPTY_BODY = YES;
				CLANG_WARN_ENUM_CONVERSION = YES;
				CLANG_WARN_INFINITE_RECURSION = YES;
				CLANG_WARN_INT_CONVERSION = YES;
				CLANG_WARN_NON_LITERAL_NULL_CONVERSION = YES;
				CLANG_WARN_OBJC_IMPLICIT_RETAIN_SELF = YES;
				CLANG_WARN_OBJC_LITERAL_CONVERSION = YES;
				CLANG_WARN_OBJC_ROOT_CLASS = YES_ERROR;
				CLANG_WARN_QUOTED_INCLUDE_IN_FRAMEWORK_HEADER = YES;
				CLANG_WARN_RANGE_LOOP_ANALYSIS = YES;
				CLANG_WARN_STRICT_PROTOTYPES = YES;
				CLANG_WARN_SUSPICIOUS_MOVE = YES;
				CLANG_WARN_UNGUARDED_AVAILABILITY = YES_AGGRESSIVE;
				CLANG_WARN_UNREACHABLE_CODE = YES;
				CLANG_WARN__DUPLICATE_METHOD_MATCH = YES;
				COPY_PHASE_STRIP = NO;
				DEBUG_INFORMATION_FORMAT = dwarf;
				ENABLE_STRICT_OBJC_MSGSEND = YES;
				ENABLE_TESTABILITY = YES;
				ENABLE_USER_SCRIPT_SANDBOXING = YES;
				GCC_C_LANGUAGE_STANDARD = gnu17;
				GCC_DYNAMIC_NO_PIC = NO;
				GCC_NO_COMMON_BLOCKS = YES;
				GCC_OPTIMIZATION_LEVEL = 0;
				GCC_PREPROCESSOR_DEFINITIONS = (
					"DEBUG=1",
					"$(inherited)",
				);
				GCC_WARN_64_TO_32_BIT_CONVERSION = YES;
				GCC_WARN_ABOUT_RETURN_TYPE = YES_ERROR;
				GCC_WARN_UNDECLARED_SELECTOR = YES;
				GCC_WARN_UNINITIALIZED_AUTOS = YES_AGGRESSIVE;
				GCC_WARN_UNUSED_FUNCTION = YES;
				GCC_WARN_UNUSED_VARIABLE = YES;
				IPHONEOS_DEPLOYMENT_TARGET = 17.2;
				LOCALIZATION_PREFERS_STRING_CATALOGS = YES;
				MTL_ENABLE_DEBUG_INFO = INCLUDE_SOURCE;
				MTL_FAST_MATH = YES;
				ONLY_ACTIVE_ARCH = YES;
				SDKROOT = iphoneos;
				SWIFT_ACTIVE_COMPILATION_CONDITIONS = "DEBUG $(inherited)";
				SWIFT_OPTIMIZATION_LEVEL = "-Onone";
			};
			name = Debug;
		};
		FEE895B12BF1C649009A3267 /* Release */ = {
			isa = XCBuildConfiguration;
			buildSettings = {
				ALWAYS_SEARCH_USER_PATHS = NO;
				ASSETCATALOG_COMPILER_GENERATE_SWIFT_ASSET_SYMBOL_EXTENSIONS = YES;
				CLANG_ANALYZER_NONNULL = YES;
				CLANG_ANALYZER_NUMBER_OBJECT_CONVERSION = YES_AGGRESSIVE;
				CLANG_CXX_LANGUAGE_STANDARD = "gnu++20";
				CLANG_ENABLE_MODULES = YES;
				CLANG_ENABLE_OBJC_ARC = YES;
				CLANG_ENABLE_OBJC_WEAK = YES;
				CLANG_WARN_BLOCK_CAPTURE_AUTORELEASING = YES;
				CLANG_WARN_BOOL_CONVERSION = YES;
				CLANG_WARN_COMMA = YES;
				CLANG_WARN_CONSTANT_CONVERSION = YES;
				CLANG_WARN_DEPRECATED_OBJC_IMPLEMENTATIONS = YES;
				CLANG_WARN_DIRECT_OBJC_ISA_USAGE = YES_ERROR;
				CLANG_WARN_DOCUMENTATION_COMMENTS = YES;
				CLANG_WARN_EMPTY_BODY = YES;
				CLANG_WARN_ENUM_CONVERSION = YES;
				CLANG_WARN_INFINITE_RECURSION = YES;
				CLANG_WARN_INT_CONVERSION = YES;
				CLANG_WARN_NON_LITERAL_NULL_CONVERSION = YES;
				CLANG_WARN_OBJC_IMPLICIT_RETAIN_SELF = YES;
				CLANG_WARN_OBJC_LITERAL_CONVERSION = YES;
				CLANG_WARN_OBJC_ROOT_CLASS = YES_ERROR;
				CLANG_WARN_QUOTED_INCLUDE_IN_FRAMEWORK_HEADER = YES;
				CLANG_WARN_RANGE_LOOP_ANALYSIS = YES;
				CLANG_WARN_STRICT_PROTOTYPES = YES;
				CLANG_WARN_SUSPICIOUS_MOVE = YES;
				CLANG_WARN_UNGUARDED_AVAILABILITY = YES_AGGRESSIVE;
				CLANG_WARN_UNREACHABLE_CODE = YES;
				CLANG_WARN__DUPLICATE_METHOD_MATCH = YES;
				COPY_PHASE_STRIP = NO;
				DEBUG_INFORMATION_FORMAT = "dwarf-with-dsym";
				ENABLE_NS_ASSERTIONS = NO;
				ENABLE_STRICT_OBJC_MSGSEND = YES;
				ENABLE_USER_SCRIPT_SANDBOXING = YES;
				GCC_C_LANGUAGE_STANDARD = gnu17;
				GCC_NO_COMMON_BLOCKS = YES;
				GCC_WARN_64_TO_32_BIT_CONVERSION = YES;
				GCC_WARN_ABOUT_RETURN_TYPE = YES_ERROR;
				GCC_WARN_UNDECLARED_SELECTOR = YES;
				GCC_WARN_UNINITIALIZED_AUTOS = YES_AGGRESSIVE;
				GCC_WARN_UNUSED_FUNCTION = YES;
				GCC_WARN_UNUSED_VARIABLE = YES;
				IPHONEOS_DEPLOYMENT_TARGET = 17.2;
				LOCALIZATION_PREFERS_STRING_CATALOGS = YES;
				MTL_ENABLE_DEBUG_INFO = NO;
				MTL_FAST_MATH = YES;
				SDKROOT = iphoneos;
				SWIFT_COMPILATION_MODE = wholemodule;
				VALIDATE_PRODUCT = YES;
			};
			name = Release;
		};
		FEE895B32BF1C649009A3267 /* Debug */ = {
			isa = XCBuildConfiguration;
			buildSettings = {
				ASSETCATALOG_COMPILER_APPICON_NAME = AppIcon;
				ASSETCATALOG_COMPILER_GLOBAL_ACCENT_COLOR_NAME = AccentColor;
				CODE_SIGN_STYLE = Automatic;
				CURRENT_PROJECT_VERSION = 1;
				DEVELOPMENT_ASSET_PATHS = "\"Seasonal-Flowers/Preview Content\"";
				ENABLE_PREVIEWS = YES;
				GENERATE_INFOPLIST_FILE = YES;
				INFOPLIST_KEY_UIApplicationSceneManifest_Generation = YES;
				INFOPLIST_KEY_UIApplicationSupportsIndirectInputEvents = YES;
				INFOPLIST_KEY_UILaunchScreen_Generation = YES;
				INFOPLIST_KEY_UISupportedInterfaceOrientations_iPad = "UIInterfaceOrientationPortrait UIInterfaceOrientationPortraitUpsideDown UIInterfaceOrientationLandscapeLeft UIInterfaceOrientationLandscapeRight";
				INFOPLIST_KEY_UISupportedInterfaceOrientations_iPhone = "UIInterfaceOrientationPortrait UIInterfaceOrientationLandscapeLeft UIInterfaceOrientationLandscapeRight";
				LD_RUNPATH_SEARCH_PATHS = (
					"$(inherited)",
					"@executable_path/Frameworks",
				);
				MARKETING_VERSION = 1.0;
				PRODUCT_BUNDLE_IDENTIFIER = "yuz.Seasonal-Flowers";
				PRODUCT_NAME = "$(TARGET_NAME)";
				SWIFT_EMIT_LOC_STRINGS = YES;
				SWIFT_VERSION = 5.0;
				TARGETED_DEVICE_FAMILY = "1,2";
			};
			name = Debug;
		};
		FEE895B42BF1C649009A3267 /* Release */ = {
			isa = XCBuildConfiguration;
			buildSettings = {
				ASSETCATALOG_COMPILER_APPICON_NAME = AppIcon;
				ASSETCATALOG_COMPILER_GLOBAL_ACCENT_COLOR_NAME = AccentColor;
				CODE_SIGN_STYLE = Automatic;
				CURRENT_PROJECT_VERSION = 1;
				DEVELOPMENT_ASSET_PATHS = "\"Seasonal-Flowers/Preview Content\"";
				ENABLE_PREVIEWS = YES;
				GENERATE_INFOPLIST_FILE = YES;
				INFOPLIST_KEY_UIApplicationSceneManifest_Generation = YES;
				INFOPLIST_KEY_UIApplicationSupportsIndirectInputEvents = YES;
				INFOPLIST_KEY_UILaunchScreen_Generation = YES;
				INFOPLIST_KEY_UISupportedInterfaceOrientations_iPad = "UIInterfaceOrientationPortrait UIInterfaceOrientationPortraitUpsideDown UIInterfaceOrientationLandscapeLeft UIInterfaceOrientationLandscapeRight";
				INFOPLIST_KEY_UISupportedInterfaceOrientations_iPhone = "UIInterfaceOrientationPortrait UIInterfaceOrientationLandscapeLeft UIInterfaceOrientationLandscapeRight";
				LD_RUNPATH_SEARCH_PATHS = (
					"$(inherited)",
					"@executable_path/Frameworks",
				);
				MARKETING_VERSION = 1.0;
				PRODUCT_BUNDLE_IDENTIFIER = "yuz.Seasonal-Flowers";
				PRODUCT_NAME = "$(TARGET_NAME)";
				SWIFT_EMIT_LOC_STRINGS = YES;
				SWIFT_VERSION = 5.0;
				TARGETED_DEVICE_FAMILY = "1,2";
			};
			name = Release;
		};
		FEE895B62BF1C649009A3267 /* Debug */ = {
			isa = XCBuildConfiguration;
			buildSettings = {
				ALWAYS_EMBED_SWIFT_STANDARD_LIBRARIES = YES;
				BUNDLE_LOADER = "$(TEST_HOST)";
				CODE_SIGN_STYLE = Automatic;
				CURRENT_PROJECT_VERSION = 1;
				GENERATE_INFOPLIST_FILE = YES;
				IPHONEOS_DEPLOYMENT_TARGET = 17.2;
				MARKETING_VERSION = 1.0;
				PRODUCT_BUNDLE_IDENTIFIER = "yuz.Seasonal-FlowersTests";
				PRODUCT_NAME = "$(TARGET_NAME)";
				SWIFT_EMIT_LOC_STRINGS = NO;
				SWIFT_VERSION = 5.0;
				TARGETED_DEVICE_FAMILY = "1,2";
				TEST_HOST = "$(BUILT_PRODUCTS_DIR)/Seasonal-Flowers.app/$(BUNDLE_EXECUTABLE_FOLDER_PATH)/Seasonal-Flowers";
			};
			name = Debug;
		};
		FEE895B72BF1C649009A3267 /* Release */ = {
			isa = XCBuildConfiguration;
			buildSettings = {
				ALWAYS_EMBED_SWIFT_STANDARD_LIBRARIES = YES;
				BUNDLE_LOADER = "$(TEST_HOST)";
				CODE_SIGN_STYLE = Automatic;
				CURRENT_PROJECT_VERSION = 1;
				GENERATE_INFOPLIST_FILE = YES;
				IPHONEOS_DEPLOYMENT_TARGET = 17.2;
				MARKETING_VERSION = 1.0;
				PRODUCT_BUNDLE_IDENTIFIER = "yuz.Seasonal-FlowersTests";
				PRODUCT_NAME = "$(TARGET_NAME)";
				SWIFT_EMIT_LOC_STRINGS = NO;
				SWIFT_VERSION = 5.0;
				TARGETED_DEVICE_FAMILY = "1,2";
				TEST_HOST = "$(BUILT_PRODUCTS_DIR)/Seasonal-Flowers.app/$(BUNDLE_EXECUTABLE_FOLDER_PATH)/Seasonal-Flowers";
			};
			name = Release;
		};
		FEE895B92BF1C649009A3267 /* Debug */ = {
			isa = XCBuildConfiguration;
			buildSettings = {
				ALWAYS_EMBED_SWIFT_STANDARD_LIBRARIES = YES;
				CODE_SIGN_STYLE = Automatic;
				CURRENT_PROJECT_VERSION = 1;
				GENERATE_INFOPLIST_FILE = YES;
				MARKETING_VERSION = 1.0;
				PRODUCT_BUNDLE_IDENTIFIER = "yuz.Seasonal-FlowersUITests";
				PRODUCT_NAME = "$(TARGET_NAME)";
				SWIFT_EMIT_LOC_STRINGS = NO;
				SWIFT_VERSION = 5.0;
				TARGETED_DEVICE_FAMILY = "1,2";
				TEST_TARGET_NAME = "Seasonal-Flowers";
			};
			name = Debug;
		};
		FEE895BA2BF1C649009A3267 /* Release */ = {
			isa = XCBuildConfiguration;
			buildSettings = {
				ALWAYS_EMBED_SWIFT_STANDARD_LIBRARIES = YES;
				CODE_SIGN_STYLE = Automatic;
				CURRENT_PROJECT_VERSION = 1;
				GENERATE_INFOPLIST_FILE = YES;
				MARKETING_VERSION = 1.0;
				PRODUCT_BUNDLE_IDENTIFIER = "yuz.Seasonal-FlowersUITests";
				PRODUCT_NAME = "$(TARGET_NAME)";
				SWIFT_EMIT_LOC_STRINGS = NO;
				SWIFT_VERSION = 5.0;
				TARGETED_DEVICE_FAMILY = "1,2";
				TEST_TARGET_NAME = "Seasonal-Flowers";
			};
			name = Release;
		};
/* End XCBuildConfiguration section */

/* Begin XCConfigurationList section */
		FEE895892BF1C646009A3267 /* Build configuration list for PBXProject "Seasonal-Flowers" */ = {
			isa = XCConfigurationList;
			buildConfigurations = (
				FEE895B02BF1C649009A3267 /* Debug */,
				FEE895B12BF1C649009A3267 /* Release */,
			);
			defaultConfigurationIsVisible = 0;
			defaultConfigurationName = Release;
		};
		FEE895B22BF1C649009A3267 /* Build configuration list for PBXNativeTarget "Seasonal-Flowers" */ = {
			isa = XCConfigurationList;
			buildConfigurations = (
				FEE895B32BF1C649009A3267 /* Debug */,
				FEE895B42BF1C649009A3267 /* Release */,
			);
			defaultConfigurationIsVisible = 0;
			defaultConfigurationName = Release;
		};
		FEE895B52BF1C649009A3267 /* Build configuration list for PBXNativeTarget "Seasonal-FlowersTests" */ = {
			isa = XCConfigurationList;
			buildConfigurations = (
				FEE895B62BF1C649009A3267 /* Debug */,
				FEE895B72BF1C649009A3267 /* Release */,
			);
			defaultConfigurationIsVisible = 0;
			defaultConfigurationName = Release;
		};
		FEE895B82BF1C649009A3267 /* Build configuration list for PBXNativeTarget "Seasonal-FlowersUITests" */ = {
			isa = XCConfigurationList;
			buildConfigurations = (
				FEE895B92BF1C649009A3267 /* Debug */,
				FEE895BA2BF1C649009A3267 /* Release */,
			);
			defaultConfigurationIsVisible = 0;
			defaultConfigurationName = Release;
		};
/* End XCConfigurationList section */
	};
	rootObject = FEE895862BF1C645009A3267 /* Project object */;
}
